
Microsoft Visual Studio Solution File, Format Version 12.00
# Visual Studio Version 16
VisualStudioVersion = 25.0.1706.0
MinimumVisualStudioVersion = 10.0.40219.1
Project("{FAE04EC0-301F-11D3-BF4B-00C04F79EFBC}") = "CommandDesignPattern", "CommandDesignPattern\CommandDesignPattern.csproj", "{C0D6CE90-F4DF-4F7B-9938-8DABDF3B30C2}"
EndProject
Global
	GlobalSection(SolutionConfigurationPlatforms) = preSolution
		Debug|Any CPU = Debug|Any CPU
		Release|Any CPU = Release|Any CPU
	EndGlobalSection
	GlobalSection(ProjectConfigurationPlatforms) = postSolution
		{C0D6CE90-F4DF-4F7B-9938-8DABDF3B30C2}.Debug|Any CPU.ActiveCfg = Debug|Any CPU
		{C0D6CE90-F4DF-4F7B-9938-8DABDF3B30C2}.Debug|Any CPU.Build.0 = Debug|Any CPU
		{C0D6CE90-F4DF-4F7B-9938-8DABDF3B30C2}.Release|Any CPU.ActiveCfg = Release|Any CPU
		{C0D6CE90-F4DF-4F7B-9938-8DABDF3B30C2}.Release|Any CPU.Build.0 = Release|Any CPU
	EndGlobalSection
	GlobalSection(SolutionProperties) = preSolution
		HideSolutionNode = FALSE
	EndGlobalSection
	GlobalSection(ExtensibilityGlobals) = postSolution
		SolutionGuid = {4F72170F-6DDB-4E7A-AEB2-2EBEA3EA704F}
	EndGlobalSection
EndGlobal
